
Microsoft Visual Studio Solution File, Format Version 12.00
# Visual Studio Version 17
VisualStudioVersion = 17.3.32922.545
MinimumVisualStudioVersion = 10.0.40219.1
Project("{FAE04EC0-301F-11D3-BF4B-00C04F79EFBC}") = "13laba", "13laba\13laba.csproj", "{F54C39C6-4874-42DE-964B-E12D3CAD190C}"
EndProject
Global
	GlobalSection(SolutionConfigurationPlatforms) = preSolution
		Debug|Any CPU = Debug|Any CPU
		Release|Any CPU = Release|Any CPU
	EndGlobalSection
	GlobalSection(ProjectConfigurationPlatforms) = postSolution
		{F54C39C6-4874-42DE-964B-E12D3CAD190C}.Debug|Any CPU.ActiveCfg = Debug|Any CPU
		{F54C39C6-4874-42DE-964B-E12D3CAD190C}.Debug|Any CPU.Build.0 = Debug|Any CPU
		{F54C39C6-4874-42DE-964B-E12D3CAD190C}.Release|Any CPU.ActiveCfg = Release|Any CPU
		{F54C39C6-4874-42DE-964B-E12D3CAD190C}.Release|Any CPU.Build.0 = Release|Any CPU
	EndGlobalSection
	GlobalSection(SolutionProperties) = preSolution
		HideSolutionNode = FALSE
	EndGlobalSection
	GlobalSection(ExtensibilityGlobals) = postSolution
		SolutionGuid = {D63C80E3-85C5-4D74-9FE2-C2CE14727930}
	EndGlobalSection
EndGlobal
